# THIS IS AN AUTOGENERATED FILE. DO NOT EDIT THIS FILE DIRECTLY.
assets/chiko-icons.eot:
  development: 2017-11-05T16:55:22-05:00   6173094055b0a2d8390ff08c84e59a95
assets/chiko-icons.woff:
  development: 2017-11-05T16:55:22-05:00   b699a4f8fedf014ffe31a4610f121a75
assets/close-icon.svg:
  development: 2017-11-05T16:55:22-05:00   9adc14fb5c84cbe244c0906c7bc42981
assets/gift-card.scss.liquid:
  development: 2017-11-05T16:55:22-05:00   76e7a91cdbe255b1993805f1b897afc5
assets/jquery-1.11.1.min.js:
  development: 2017-11-05T16:55:22-05:00   8101d596b2b8fa35fe3a634ea342d7c3
assets/jquery.cart.min.js:
  development: 2017-11-05T16:55:22-05:00   fa05ca05ba69c22eea92bb5630c85eae
assets/jquery.currencies.js:
  development: 2017-11-05T16:55:22-05:00   fbda3f892f5bfe99013e90c545ecef31
assets/modernizr-2.8.2.min.js:
  development: 2017-11-05T16:55:22-05:00   451265522099ed9eba05f4fc4b8a257c
assets/no-image.png:
  development: 2017-11-05T16:55:22-05:00   dbcf571b95733efe9d94e4701fcc74a7
assets/no-image.svg:
  development: 2017-11-05T16:55:23-05:00   16019705c1a003206589f281c1c6c735
assets/plugins.js:
  development: 2017-11-05T16:55:23-05:00   041a64936bd31b83888032ccfcd93dc2
assets/pxu-social-icons.eot:
  development: 2017-11-05T16:55:23-05:00   0fd296709d57d487ae015953225b421c
assets/pxu-social-icons.svg:
  development: 2017-11-05T16:55:23-05:00   46661d6d65debc63884004fed6e37e5c
assets/pxu-social-icons.ttf:
  development: 2017-11-05T16:55:23-05:00   f566705966769ec1b54e4616ec3b7127
assets/pxu-social-icons.woff:
  development: 2017-11-05T16:55:23-05:00   a636b98ff0c4dfd0a0a63e3498bb6874
assets/theme.js.liquid:
  development: 2017-11-05T16:55:23-05:00   02d49449567db3e75854397bea0d435a
assets/theme.scss.liquid:
  development: 2017-11-05T16:55:23-05:00   332224db142c1b0032fe718f89913ff5
config/settings_data.json:
  development: 2017-11-08T17:22:03-05:00   51e31c2ec659a0b7d3164c072341b19d
config/settings_schema.json:
  development: 2017-11-05T16:55:24-05:00   4ff7c9cefd9f6221d33d09269587e991
layout/alternative.liquid:
  development: 2017-11-05T16:55:23-05:00   440c2bd2ed8e8cdcd388629ed77bddfb
layout/theme.liquid:
  development: 2017-11-05T16:55:23-05:00   1be05ba8237db74928938c787e04efea
locales/en.default.json:
  development: 2017-11-05T16:55:23-05:00   1000c2fb5275c67959c0ba03a420ecaf
sections/article.liquid:
  development: 2017-11-05T16:55:21-05:00   c60d92b307fb01fd8420a421873836c2
sections/blog-masonry.liquid:
  development: 2017-11-05T16:55:21-05:00   4a0513f361b2c9bb54cb2c9918fd44a4
sections/blog.liquid:
  development: 2017-11-05T16:55:21-05:00   caa37154461d7928ddb51d6e45e1f7d1
sections/cart.liquid:
  development: 2017-11-05T16:55:21-05:00   138293c25615b54215cbe3452d479ef9
sections/collection-list.liquid:
  development: 2017-11-05T16:55:21-05:00   6e757c4543a9438e0e2c4a530cbeded0
sections/collection.liquid:
  development: 2017-11-05T16:55:21-05:00   1ccccb5b0794e8ea493da007dfa98b25
sections/footer.liquid:
  development: 2017-11-11T15:52:12-05:00   48eed1293f77ff2a24cf786cd28ea70d
sections/header.liquid:
  development: 2017-11-05T16:55:21-05:00   70b86ef86588da7a90cf317c9642772c
sections/home-blog.liquid:
  development: 2017-11-05T16:55:21-05:00   234afa9351d15a1d09d30b422a420d6d
sections/home-collections.liquid:
  development: 2017-11-05T16:55:21-05:00   ccbf702f52f4c1c9c6c13043dd0199b3
sections/home-masonry-alternative.liquid:
  development: 2017-11-05T16:55:21-05:00   8cced19c2a1ef7c1c858c2b4f460a90a
sections/home-masonry.liquid:
  development: 2017-11-05T16:55:21-05:00   5ef808b832c65904d98c4967a5c041b6
sections/home-message.liquid:
  development: 2017-11-05T16:55:21-05:00   5386f3f32edbdf4e0e80ca1e4eb4f421
sections/home-products.liquid:
  development: 2017-11-05T16:55:21-05:00   ed482dbbd1e373d96b95b6f8e4258f0b
sections/home-promotion.liquid:
  development: 2017-11-05T16:55:21-05:00   20ba1a559f9bf08febf874fa192917f9
sections/home-slideshow.liquid:
  development: 2017-11-05T16:55:21-05:00   c8ddd7410c18b817bca36da3f61f36ed
sections/home-social-widgets.liquid:
  development: 2017-11-05T16:55:21-05:00   244d029295acf6685d9691236fb6e787
sections/home-testimonials.liquid:
  development: 2017-11-05T16:55:21-05:00   2dbacf12438c150e006989e55f2658dd
sections/home-video.liquid:
  development: 2017-11-05T16:55:21-05:00   3f70db69041d76ada3b88dd13b4ccc14
sections/product.liquid:
  development: 2017-11-05T16:55:22-05:00   a81e2b58193a499e4538079eeec8fbcd
snippets/block-blog-promo.liquid:
  development: 2017-11-05T16:55:23-05:00   b07d336ba1c6edcb1831fbab37e668ae
snippets/breadcrumbs.liquid:
  development: 2017-11-05T16:55:23-05:00   0fdc4c6238b649260fa1618d0948e2cd
snippets/collection-list-item.liquid:
  development: 2017-11-05T16:55:23-05:00   16add1cd2e6aa5d925a8fa26b32d6de3
snippets/for-looper.liquid:
  development: 2017-11-05T16:55:23-05:00   eba9fc0e23ff04300e6c5a5bcc6e0328
snippets/header-mega-nav.liquid:
  development: 2017-11-05T16:55:23-05:00   4a42a5b6a742c92277c469c2e897b667
snippets/home-blog-post.liquid:
  development: 2017-11-05T16:55:24-05:00   346f67a326ae7f535fadb54c6181dc21
snippets/home-collection.liquid:
  development: 2017-11-05T16:55:24-05:00   0610cef4c7cbb33303a7feb2fac138c6
snippets/home-masonry-feature.liquid:
  development: 2017-11-05T16:55:24-05:00   2c4a89731566f076cedc6f7860eff3f9
snippets/home-onboard-product.liquid:
  development: 2017-11-05T16:55:24-05:00   7c86e05b2763c4eb65e86dcd98715a90
snippets/home-slideshow-slide.liquid:
  development: 2017-11-05T16:55:24-05:00   dd64a51630582225efa5ca97af0eca57
snippets/icons.liquid:
  development: 2017-11-05T16:55:24-05:00   88dbbf0e3590b2d2c225b459739bae3a
snippets/loading-animation.liquid:
  development: 2017-11-05T16:55:24-05:00   90cd4aa1ba57886e56d4141e5df0db0e
snippets/mini-cart.liquid:
  development: 2017-11-05T16:55:24-05:00   a234f473362346ab77faef05f4a6974a
snippets/modal.liquid:
  development: 2017-11-05T16:55:24-05:00   1ef3e2262d832cb3d95c2908c612a552
snippets/pagination.liquid:
  development: 2017-11-05T16:55:24-05:00   e531d4a7a548b0eb14659e5a07ee2e40
snippets/payment-icon.liquid:
  development: 2017-11-05T16:55:24-05:00   e7de9a704ec07278d4f7aea8e5aeb49a
snippets/payment.liquid:
  development: 2017-11-05T16:55:24-05:00   50e1b277aaf51429d3243344a4adc614
snippets/product-json.liquid:
  development: 2017-11-05T16:55:24-05:00   f6944a480cd643ae1110a0b677eb1a01
snippets/product-list-item.liquid:
  development: 2017-11-05T16:55:24-05:00   e7bad9304b098dcb25ceace7390834e7
snippets/product-options-dropdown.liquid:
  development: 2017-11-05T16:55:24-05:00   af7060eda44a430dc2186aeddc6e75a9
snippets/quick-shop.liquid:
  development: 2017-11-05T16:55:24-05:00   f20f00a8d0e23ae43f7ae96c1fda4df2
snippets/related-products.liquid:
  development: 2017-11-05T16:55:24-05:00   ae548e7ce64d20448ef62572333b7f69
snippets/section-article-post.liquid:
  development: 2017-11-05T16:55:24-05:00   8b3f959309643e07fd7206d6a2c0568b
snippets/section-blog-post-masonry.liquid:
  development: 2017-11-05T16:55:24-05:00   ae839500048ca314038b660ee55692c6
snippets/section-blog-post.liquid:
  development: 2017-11-05T16:55:24-05:00   e61f8cd1682cda2386d4a69bf90e4e46
snippets/section-blog-sidebar.liquid:
  development: 2017-11-05T16:55:24-05:00   d165703723f40a63c30ca75ef9116ea8
snippets/share-buttons.liquid:
  development: 2017-11-05T16:55:24-05:00   d1eb79f2782b91b625461848fff38fb1
snippets/shipping-calculator.liquid:
  development: 2017-11-05T16:55:24-05:00   497d10deba14bffaa7e5af5b07961221
snippets/social-icon.liquid:
  development: 2017-11-05T16:55:24-05:00   25f5d7c66801e3c96840a0e512070110
snippets/social-link.liquid:
  development: 2017-11-05T16:55:24-05:00   843ebf7ce8b192d2e51212a9bd7c67fb
snippets/social-meta.liquid:
  development: 2017-11-05T16:55:24-05:00   d035e0d4a3d48715032a52ad7ef041b7
snippets/social.liquid:
  development: 2017-11-05T16:55:24-05:00   fded86a1eb193bb2f62ba221fc8ba3c2
snippets/svg-placeholder-uri.liquid:
  development: 2017-11-05T16:55:24-05:00   a17fcc60a453f25678f544ae22a0f6e3
snippets/svg-sprite.liquid:
  development: 2017-11-05T16:55:24-05:00   89196daa4fcb4edc9ba0fd471bae1159
snippets/theme-options.liquid:
  development: 2017-11-05T16:55:24-05:00   acc77625e6902523630a0e72b46f5447
templates/404.liquid:
  development: 2017-11-05T16:55:24-05:00   ea1d5b0f21d67adf643a85e79c579f82
templates/article.liquid:
  development: 2017-11-05T16:55:24-05:00   c26c94d99108d1e01e35b4fa59e3b46a
templates/blog.liquid:
  development: 2017-11-05T16:55:24-05:00   68c6fe512031f71cb0a2b030fdfe8748
templates/blog.masonry.liquid:
  development: 2017-11-05T16:55:24-05:00   170967c0277df05396a81b2453de7201
templates/cart.liquid:
  development: 2017-11-05T16:55:24-05:00   07518aa7820c837d23253032a739527a
templates/collection.liquid:
  development: 2017-11-05T16:55:24-05:00   45679fe18bba5258d6981e67d583a328
templates/customers/account.liquid:
  development: 2017-11-05T16:55:24-05:00   3810c22f398defedb1815f80bb3f763b
templates/customers/activate_account.liquid:
  development: 2017-11-05T16:55:24-05:00   124d9bf0621fe79e6f63c226ab4acb3f
templates/customers/addresses.liquid:
  development: 2017-11-05T16:55:24-05:00   6c917792c86dcf8e3cd409b6f246608e
templates/customers/login.liquid:
  development: 2017-11-05T16:55:24-05:00   3527d9e6a8386c237c0417039905ea4a
templates/customers/order.liquid:
  development: 2017-11-05T16:55:24-05:00   36243ac28bf6d35540012438c3fd6f07
templates/customers/register.liquid:
  development: 2017-11-05T16:55:24-05:00   c2257d2490e2ca405570f61ddb046528
templates/customers/reset_password.liquid:
  development: 2017-11-05T16:55:24-05:00   15d11096b49cc7fc087da063b2b77fad
templates/gift_card.liquid:
  development: 2017-11-05T16:55:24-05:00   b4456a049676f03b9a960d4a0cef2c46
templates/index.liquid:
  development: 2017-11-05T16:55:24-05:00   170416b947b8eaebdaad1028472085cd
templates/list-collections.liquid:
  development: 2017-11-05T16:55:24-05:00   af00c95e02d1a557d2309960eb53713f
templates/page.contact.liquid:
  development: 2017-11-05T16:55:24-05:00   c25ecbefad528bbc3de03b7d191fb793
templates/page.liquid:
  development: 2017-11-05T16:55:24-05:00   4028969f25c3c5e1ae0da47afad5c93e
templates/password.liquid:
  development: 2017-11-05T16:55:24-05:00   96eed7c45a4e3bce663c123cdb8875b5
templates/product.liquid:
  development: 2017-11-05T16:55:24-05:00   59f00c5972adab3abdf90379c573fb9e
templates/search.liquid:
  development: 2017-11-05T16:55:24-05:00   805957d67302d96e61fa69e8fd48d4cf
